
Microsoft Visual Studio Solution File, Format Version 12.00
# Visual Studio Version 17
VisualStudioVersion = 17.7.34031.279
MinimumVisualStudioVersion = 10.0.40219.1
Project("{FAE04EC0-301F-11D3-BF4B-00C04F79EFBC}") = "Sprint_3-Maciej_Madejsza", "Sprint_3-Maciej_Madejsza.csproj", "{E26C1326-52FC-4AAC-9E16-4621355BFCAC}"
EndProject
Global
	GlobalSection(SolutionConfigurationPlatforms) = preSolution
		Debug|Any CPU = Debug|Any CPU
		Release|Any CPU = Release|Any CPU
	EndGlobalSection
	GlobalSection(ProjectConfigurationPlatforms) = postSolution
		{E26C1326-52FC-4AAC-9E16-4621355BFCAC}.Debug|Any CPU.ActiveCfg = Debug|Any CPU
		{E26C1326-52FC-4AAC-9E16-4621355BFCAC}.Debug|Any CPU.Build.0 = Debug|Any CPU
		{E26C1326-52FC-4AAC-9E16-4621355BFCAC}.Release|Any CPU.ActiveCfg = Release|Any CPU
		{E26C1326-52FC-4AAC-9E16-4621355BFCAC}.Release|Any CPU.Build.0 = Release|Any CPU
	EndGlobalSection
	GlobalSection(SolutionProperties) = preSolution
		HideSolutionNode = FALSE
	EndGlobalSection
	GlobalSection(ExtensibilityGlobals) = postSolution
		SolutionGuid = {1B454E3C-E104-472D-8894-F25DFE29D6C9}
	EndGlobalSection
EndGlobal
